PODS:
  - FLEX (2.4.0)
  - Masonry (1.0.2)
  - Toast (3.1.0)
  - YYCache (1.0.4)
  - YYCategories (1.0.4):
    - YYCategories/no-arc (= 1.0.4)
  - YYCategories/no-arc (1.0.4)
  - YYImage (1.0.4):
    - YYImage/Core (= 1.0.4)
  - YYImage/Core (1.0.4)
  - YYWebImage (1.0.5):
    - YYCache
    - YYImage

DEPENDENCIES:
  - FLEX
  - Masonry
  - Toast
  - YYCache
  - YYCategories
  - YYImage
  - YYWebImage

SPEC CHECKSUMS:
  FLEX: bd1a39e55b56bb413b6f1b34b3c10a0dc44ef079
  Masonry: 7c429b56da9d4ee0bbb3ed77a5ea710d6a5df39e
  Toast: 14a93686d6c8bfe2727afd342414e35660a8a1f3
  YYCache: 8105b6638f5e849296c71f331ff83891a4942952
  YYCategories: 6bcd4314c6661a561410dce4a793379ebd306abd
  YYImage: 1e1b62a9997399593e4b9c4ecfbbabbf1d3f3b54
  YYWebImage: 5f7f36aee2ae293f016d418c7d6ba05c4863e928

PODFILE CHECKSUM: b25b12730c5c0f512d3d2564b5f249bc924acb52

COCOAPODS: 1.1.1
