// !$*UTF8*$!
{
	archiveVersion = 1;
	classes = {
	};
	objectVersion = 46;
	objects = {

/* Begin PBXBuildFile section */
		0F06A79B1DCEF65500753B8E /* main.m in Sources */ = {isa = PBXBuildFile; fileRef = 0F06A79A1DCEF65500753B8E /* main.m */; };
		0F06A79E1DCEF65500753B8E /* AppDelegate.m in Sources */ = {isa = PBXBuildFile; fileRef = 0F06A79D1DCEF65500753B8E /* AppDelegate.m */; };
		0F06A7A61DCEF65600753B8E /* Assets.xcassets in Resources */ = {isa = PBXBuildFile; fileRef = 0F06A7A51DCEF65600753B8E /* Assets.xcassets */; };
		0F06A7A91DCEF65600753B8E /* LaunchScreen.storyboard in Resources */ = {isa = PBXBuildFile; fileRef = 0F06A7A71DCEF65600753B8E /* LaunchScreen.storyboard */; };
		0F06A7B21DCEF75C00753B8E /* MCMainTabBarController.m in Sources */ = {isa = PBXBuildFile; fileRef = 0F06A7B11DCEF75C00753B8E /* MCMainTabBarController.m */; };
		0F0D10041DDC46E50009648A /* MCBarButtonItem.m in Sources */ = {isa = PBXBuildFile; fileRef = 0F0D10031DDC46E50009648A /* MCBarButtonItem.m */; };
		0F6E61881DDB5DA20046AB95 /* MCTableViewGrouped.xib in Resources */ = {isa = PBXBuildFile; fileRef = 0F6E61871DDB5DA20046AB95 /* MCTableViewGrouped.xib */; };
		0F806B7D1DCEFCCD00B9CC7F /* MCFirstNavigationController.m in Sources */ = {isa = PBXBuildFile; fileRef = 0F806B7C1DCEFCCD00B9CC7F /* MCFirstNavigationController.m */; };
		0F9194D11DD1B2A70008A89E /* MCResources.bundle in Resources */ = {isa = PBXBuildFile; fileRef = 0F9194D01DD1B2A70008A89E /* MCResources.bundle */; };
		0FBB10601DD2C93B002D1854 /* UINavigationController+FDFullscreenPopGesture.m in Sources */ = {isa = PBXBuildFile; fileRef = 0FBB105F1DD2C93B002D1854 /* UINavigationController+FDFullscreenPopGesture.m */; };
		0FCA433F1DDB57F000F338B7 /* MCTableViewPlain.xib in Resources */ = {isa = PBXBuildFile; fileRef = 0FCA433E1DDB57F000F338B7 /* MCTableViewPlain.xib */; };
		0FCD781A1DCF254B00619C09 /* AppConfig.m in Sources */ = {isa = PBXBuildFile; fileRef = 0FCD78191DCF254B00619C09 /* AppConfig.m */; };
		0FCD78201DCF26D300619C09 /* MCAppearance.m in Sources */ = {isa = PBXBuildFile; fileRef = 0FCD781F1DCF26D300619C09 /* MCAppearance.m */; };
		0FCD78271DCF2DE100619C09 /* MCLastNavigationController.m in Sources */ = {isa = PBXBuildFile; fileRef = 0FCD78261DCF2DE100619C09 /* MCLastNavigationController.m */; };
		4AEB73374CDFDF57B30FA7E6 /* libPods-MeishiChina.a in Frameworks */ = {isa = PBXBuildFile; fileRef = 7484A7DE792BE533F0C2EA1A /* libPods-MeishiChina.a */; };
		5251209A1E4F4B1F913FD708 /* MCTableViewCell.m in Sources */ = {isa = PBXBuildFile; fileRef = 52512325FE3C450B892CCD8E /* MCTableViewCell.m */; };
		52512227D90527E7FAFEF6F6 /* MCCellAvatar.m in Sources */ = {isa = PBXBuildFile; fileRef = 52512E9352477506FFA71F7E /* MCCellAvatar.m */; };
		5251228CF616769E5197C253 /* MCNetwork.m in Sources */ = {isa = PBXBuildFile; fileRef = 5251217734FABD466F88473A /* MCNetwork.m */; };
		525122BB8AE24C53DF8F6BE4 /* MCTextField.m in Sources */ = {isa = PBXBuildFile; fileRef = 5251243EF5548606F26B5670 /* MCTextField.m */; };
		5251233F4AA9D12B204A515A /* MCScrollView.m in Sources */ = {isa = PBXBuildFile; fileRef = 525125E579228A1FC36DD25C /* MCScrollView.m */; };
		525124058B15945CBFFEDCA8 /* MCTextFieldView.m in Sources */ = {isa = PBXBuildFile; fileRef = 525121D259F7C7ECCA007D88 /* MCTextFieldView.m */; };
		5251241200A52EEA6B7A98CA /* MCImageView.m in Sources */ = {isa = PBXBuildFile; fileRef = 52512DF2DF6E2EDC993EC1B2 /* MCImageView.m */; };
		52512461B9705107110127EA /* MCLabel.m in Sources */ = {isa = PBXBuildFile; fileRef = 52512D942B26EC409BE80B45 /* MCLabel.m */; };
		525124656E37903FB3A0C77F /* MCCellLogo.m in Sources */ = {isa = PBXBuildFile; fileRef = 52512C0DA677DB3155DB3E38 /* MCCellLogo.m */; };
		525124C47D6CC1014B10630D /* MCAppearanceDefault.m in Sources */ = {isa = PBXBuildFile; fileRef = 525125B89BFED21E77389D97 /* MCAppearanceDefault.m */; };
		5251254B714EBCBC1349A2B5 /* MCSettingsTableViewController.m in Sources */ = {isa = PBXBuildFile; fileRef = 5251269826352F51685CDFBD /* MCSettingsTableViewController.m */; };
		5251254D80850E42C50F8B2D /* MCCommonTableViewCell.m in Sources */ = {isa = PBXBuildFile; fileRef = 52512262B3FEB532A345D845 /* MCCommonTableViewCell.m */; };
		5251255F64DDFC4D46C6F110 /* MCRoundButton.m in Sources */ = {isa = PBXBuildFile; fileRef = 52512271EB802E92F53BEBAD /* MCRoundButton.m */; };
		525125C73D9FBA53DC0FDD2F /* MCButton.m in Sources */ = {isa = PBXBuildFile; fileRef = 52512EF3652144C9B2C9C963 /* MCButton.m */; };
		52512696C8DB5264BFF283D6 /* MCView.m in Sources */ = {isa = PBXBuildFile; fileRef = 525128ADF58CCC8FE8802CD4 /* MCView.m */; };
		5251288BE69E2EB43A7C996C /* MCViewController.m in Sources */ = {isa = PBXBuildFile; fileRef = 5251288D078D5017A43FE817 /* MCViewController.m */; };
		525128F99734D67C4BF7B7B8 /* MCRecommendTableViewController.m in Sources */ = {isa = PBXBuildFile; fileRef = 525120F500E4B5B9122DC775 /* MCRecommendTableViewController.m */; };
		525129EEEE100413FF647DD9 /* MCUserTableViewController.m in Sources */ = {isa = PBXBuildFile; fileRef = 52512FEE91640196851F24B6 /* MCUserTableViewController.m */; };
		52512A7C0CFFD9E6F704B9C4 /* MCTableView.m in Sources */ = {isa = PBXBuildFile; fileRef = 52512ED8E12F0C531A165519 /* MCTableView.m */; };
		52512BA3790FE5D125198D39 /* MCTableViewController.m in Sources */ = {isa = PBXBuildFile; fileRef = 525129827FA3E6D4464EBDE4 /* MCTableViewController.m */; };
		52512BCD2861EAA7DF3F8970 /* MCWhiteNavigationController.m in Sources */ = {isa = PBXBuildFile; fileRef = 525120D61C14458290A07472 /* MCWhiteNavigationController.m */; };
		52512CB99682054A58C7C4C8 /* MCAboutTableViewCell.m in Sources */ = {isa = PBXBuildFile; fileRef = 525125EBED9CD20160B220DD /* MCAboutTableViewCell.m */; };
		52512CD488E18C51FBA7AA44 /* MCAvatarTableViewCell.m in Sources */ = {isa = PBXBuildFile; fileRef = 52512C026C02C6D69D33706D /* MCAvatarTableViewCell.m */; };
		52512D6B7C4116EC054A50FB /* MCNavigationController.m in Sources */ = {isa = PBXBuildFile; fileRef = 525124562224BF8EE95B53FE /* MCNavigationController.m */; };
		52512EAA56A4473DDE4A8A6E /* MCLogo.m in Sources */ = {isa = PBXBuildFile; fileRef = 525125E9BD96428C2176B888 /* MCLogo.m */; };
		52512F2BC66DF18BF9F9FF34 /* MCRegisterViewController.m in Sources */ = {isa = PBXBuildFile; fileRef = 52512ABA666DEA99DC1FD16E /* MCRegisterViewController.m */; };
		52512F6F6DC89DF96673A17B /* MCLoginViewController.m in Sources */ = {isa = PBXBuildFile; fileRef = 52512553889C433070BF2AE1 /* MCLoginViewController.m */; };
		52512FAFDA13D9B290FB0927 /* MCCellBadge.m in Sources */ = {isa = PBXBuildFile; fileRef = 5251261C65612C7590CDC591 /* MCCellBadge.m */; };
/* End PBXBuildFile section */

/* Begin PBXFileReference section */
		0F06A7961DCEF65500753B8E /* MeishiChina.app */ = {isa = PBXFileReference; explicitFileType = wrapper.application; includeInIndex = 0; path = MeishiChina.app; sourceTree = BUILT_PRODUCTS_DIR; };
		0F06A79A1DCEF65500753B8E /* main.m */ = {isa = PBXFileReference; lastKnownFileType = sourcecode.c.objc; path = main.m; sourceTree = "<group>"; };
		0F06A79C1DCEF65500753B8E /* AppDelegate.h */ = {isa = PBXFileReference; lastKnownFileType = sourcecode.c.h; path = AppDelegate.h; sourceTree = "<group>"; };
		0F06A79D1DCEF65500753B8E /* AppDelegate.m */ = {isa = PBXFileReference; lastKnownFileType = sourcecode.c.objc; path = AppDelegate.m; sourceTree = "<group>"; };
		0F06A7A51DCEF65600753B8E /* Assets.xcassets */ = {isa = PBXFileReference; lastKnownFileType = folder.assetcatalog; path = Assets.xcassets; sourceTree = "<group>"; };
		0F06A7A81DCEF65600753B8E /* Base */ = {isa = PBXFileReference; lastKnownFileType = file.storyboard; name = Base; path = Base.lproj/LaunchScreen.storyboard; sourceTree = "<group>"; };
		0F06A7AA1DCEF65600753B8E /* Info.plist */ = {isa = PBXFileReference; lastKnownFileType = text.plist.xml; path = Info.plist; sourceTree = "<group>"; };
		0F06A7B01DCEF75C00753B8E /* MCMainTabBarController.h */ = {isa = PBXFileReference; fileEncoding = 4; lastKnownFileType = sourcecode.c.h; path = MCMainTabBarController.h; sourceTree = "<group>"; };
		0F06A7B11DCEF75C00753B8E /* MCMainTabBarController.m */ = {isa = PBXFileReference; fileEncoding = 4; lastKnownFileType = sourcecode.c.objc; path = MCMainTabBarController.m; sourceTree = "<group>"; };
		0F0D10021DDC46E50009648A /* MCBarButtonItem.h */ = {isa = PBXFileReference; fileEncoding = 4; lastKnownFileType = sourcecode.c.h; path = MCBarButtonItem.h; sourceTree = "<group>"; };
		0F0D10031DDC46E50009648A /* MCBarButtonItem.m */ = {isa = PBXFileReference; fileEncoding = 4; lastKnownFileType = sourcecode.c.objc; path = MCBarButtonItem.m; sourceTree = "<group>"; };
		0F6E61871DDB5DA20046AB95 /* MCTableViewGrouped.xib */ = {isa = PBXFileReference; fileEncoding = 4; lastKnownFileType = file.xib; path = MCTableViewGrouped.xib; sourceTree = "<group>"; };
		0F806B7B1DCEFCCD00B9CC7F /* MCFirstNavigationController.h */ = {isa = PBXFileReference; fileEncoding = 4; lastKnownFileType = sourcecode.c.h; path = MCFirstNavigationController.h; sourceTree = "<group>"; };
		0F806B7C1DCEFCCD00B9CC7F /* MCFirstNavigationController.m */ = {isa = PBXFileReference; fileEncoding = 4; lastKnownFileType = sourcecode.c.objc; path = MCFirstNavigationController.m; sourceTree = "<group>"; };
		0F9194D01DD1B2A70008A89E /* MCResources.bundle */ = {isa = PBXFileReference; lastKnownFileType = "wrapper.plug-in"; path = MCResources.bundle; sourceTree = "<group>"; };
		0FBB105E1DD2C93B002D1854 /* UINavigationController+FDFullscreenPopGesture.h */ = {isa = PBXFileReference; fileEncoding = 4; lastKnownFileType = sourcecode.c.h; path = "UINavigationController+FDFullscreenPopGesture.h"; sourceTree = "<group>"; };
		0FBB105F1DD2C93B002D1854 /* UINavigationController+FDFullscreenPopGesture.m */ = {isa = PBXFileReference; fileEncoding = 4; lastKnownFileType = sourcecode.c.objc; path = "UINavigationController+FDFullscreenPopGesture.m"; sourceTree = "<group>"; };
		0FCA433E1DDB57F000F338B7 /* MCTableViewPlain.xib */ = {isa = PBXFileReference; fileEncoding = 4; lastKnownFileType = file.xib; path = MCTableViewPlain.xib; sourceTree = "<group>"; };
		0FCD78181DCF254B00619C09 /* AppConfig.h */ = {isa = PBXFileReference; fileEncoding = 4; lastKnownFileType = sourcecode.c.h; path = AppConfig.h; sourceTree = "<group>"; };
		0FCD78191DCF254B00619C09 /* AppConfig.m */ = {isa = PBXFileReference; fileEncoding = 4; lastKnownFileType = sourcecode.c.objc; path = AppConfig.m; sourceTree = "<group>"; };
		0FCD781B1DCF25AD00619C09 /* AppPrefix.pch */ = {isa = PBXFileReference; lastKnownFileType = sourcecode.c.h; path = AppPrefix.pch; sourceTree = "<group>"; };
		0FCD781E1DCF26D300619C09 /* MCAppearance.h */ = {isa = PBXFileReference; fileEncoding = 4; lastKnownFileType = sourcecode.c.h; path = MCAppearance.h; sourceTree = "<group>"; };
		0FCD781F1DCF26D300619C09 /* MCAppearance.m */ = {isa = PBXFileReference; fileEncoding = 4; lastKnownFileType = sourcecode.c.objc; path = MCAppearance.m; sourceTree = "<group>"; };
		0FCD78251DCF2DE100619C09 /* MCLastNavigationController.h */ = {isa = PBXFileReference; fileEncoding = 4; lastKnownFileType = sourcecode.c.h; path = MCLastNavigationController.h; sourceTree = "<group>"; };
		0FCD78261DCF2DE100619C09 /* MCLastNavigationController.m */ = {isa = PBXFileReference; fileEncoding = 4; lastKnownFileType = sourcecode.c.objc; path = MCLastNavigationController.m; sourceTree = "<group>"; };
		525120D61C14458290A07472 /* MCWhiteNavigationController.m */ = {isa = PBXFileReference; fileEncoding = 4; lastKnownFileType = sourcecode.c.objc; path = MCWhiteNavigationController.m; sourceTree = "<group>"; };
		525120F500E4B5B9122DC775 /* MCRecommendTableViewController.m */ = {isa = PBXFileReference; fileEncoding = 4; lastKnownFileType = sourcecode.c.objc; path = MCRecommendTableViewController.m; sourceTree = "<group>"; };
		5251217734FABD466F88473A /* MCNetwork.m */ = {isa = PBXFileReference; fileEncoding = 4; lastKnownFileType = sourcecode.c.objc; path = MCNetwork.m; sourceTree = "<group>"; };
		525121D259F7C7ECCA007D88 /* MCTextFieldView.m */ = {isa = PBXFileReference; fileEncoding = 4; lastKnownFileType = sourcecode.c.objc; path = MCTextFieldView.m; sourceTree = "<group>"; };
		52512214BA22AF2CB14E8D62 /* MCLabel.h */ = {isa = PBXFileReference; fileEncoding = 4; lastKnownFileType = sourcecode.c.h; path = MCLabel.h; sourceTree = "<group>"; };
		5251225FC084006E47357377 /* MCButton.h */ = {isa = PBXFileReference; fileEncoding = 4; lastKnownFileType = sourcecode.c.h; path = MCButton.h; sourceTree = "<group>"; };
		52512262B3FEB532A345D845 /* MCCommonTableViewCell.m */ = {isa = PBXFileReference; fileEncoding = 4; lastKnownFileType = sourcecode.c.objc; path = MCCommonTableViewCell.m; sourceTree = "<group>"; };
		52512271EB802E92F53BEBAD /* MCRoundButton.m */ = {isa = PBXFileReference; fileEncoding = 4; lastKnownFileType = sourcecode.c.objc; path = MCRoundButton.m; sourceTree = "<group>"; };
		5251228BAEF122EEFB61CABA /* MCTextFieldView.h */ = {isa = PBXFileReference; fileEncoding = 4; lastKnownFileType = sourcecode.c.h; path = MCTextFieldView.h; sourceTree = "<group>"; };
		52512325FE3C450B892CCD8E /* MCTableViewCell.m */ = {isa = PBXFileReference; fileEncoding = 4; lastKnownFileType = sourcecode.c.objc; path = MCTableViewCell.m; sourceTree = "<group>"; };
		52512364F70FE69C9DABEA29 /* MCTableViewController.h */ = {isa = PBXFileReference; fileEncoding = 4; lastKnownFileType = sourcecode.c.h; path = MCTableViewController.h; sourceTree = "<group>"; };
		525123B5301164D872848A5E /* MCTableViewCell.h */ = {isa = PBXFileReference; fileEncoding = 4; lastKnownFileType = sourcecode.c.h; path = MCTableViewCell.h; sourceTree = "<group>"; };
		52512435D6618949AB207526 /* MCNavigationController.h */ = {isa = PBXFileReference; fileEncoding = 4; lastKnownFileType = sourcecode.c.h; path = MCNavigationController.h; sourceTree = "<group>"; };
		5251243EF5548606F26B5670 /* MCTextField.m */ = {isa = PBXFileReference; fileEncoding = 4; lastKnownFileType = sourcecode.c.objc; path = MCTextField.m; sourceTree = "<group>"; };
		525124562224BF8EE95B53FE /* MCNavigationController.m */ = {isa = PBXFileReference; fileEncoding = 4; lastKnownFileType = sourcecode.c.objc; path = MCNavigationController.m; sourceTree = "<group>"; };
		52512457C90571801D65687A /* MCNetwork.h */ = {isa = PBXFileReference; fileEncoding = 4; lastKnownFileType = sourcecode.c.h; path = MCNetwork.h; sourceTree = "<group>"; };
		5251248C5201C2B83031B787 /* MCViewController.h */ = {isa = PBXFileReference; fileEncoding = 4; lastKnownFileType = sourcecode.c.h; path = MCViewController.h; sourceTree = "<group>"; };
		525124919A6F2A4746DF7E32 /* MCTextField.h */ = {isa = PBXFileReference; fileEncoding = 4; lastKnownFileType = sourcecode.c.h; path = MCTextField.h; sourceTree = "<group>"; };
		525124C82DF2A4F1BEEDB0B0 /* MCTableView.h */ = {isa = PBXFileReference; fileEncoding = 4; lastKnownFileType = sourcecode.c.h; path = MCTableView.h; sourceTree = "<group>"; };
		52512528DA6FE0F5BA1F59AB /* MCCellAvatar.h */ = {isa = PBXFileReference; fileEncoding = 4; lastKnownFileType = sourcecode.c.h; path = MCCellAvatar.h; sourceTree = "<group>"; };
		52512553889C433070BF2AE1 /* MCLoginViewController.m */ = {isa = PBXFileReference; fileEncoding = 4; lastKnownFileType = sourcecode.c.objc; path = MCLoginViewController.m; sourceTree = "<group>"; };
		52512570331CBFC82604BD56 /* MCCellBadge.h */ = {isa = PBXFileReference; fileEncoding = 4; lastKnownFileType = sourcecode.c.h; path = MCCellBadge.h; sourceTree = "<group>"; };
		5251258B1886CDA96CC5D123 /* MCRegisterViewController.h */ = {isa = PBXFileReference; fileEncoding = 4; lastKnownFileType = sourcecode.c.h; path = MCRegisterViewController.h; sourceTree = "<group>"; };
		525125B89BFED21E77389D97 /* MCAppearanceDefault.m */ = {isa = PBXFileReference; fileEncoding = 4; lastKnownFileType = sourcecode.c.objc; path = MCAppearanceDefault.m; sourceTree = "<group>"; };
		525125E579228A1FC36DD25C /* MCScrollView.m */ = {isa = PBXFileReference; fileEncoding = 4; lastKnownFileType = sourcecode.c.objc; path = MCScrollView.m; sourceTree = "<group>"; };
		525125E9BD96428C2176B888 /* MCLogo.m */ = {isa = PBXFileReference; fileEncoding = 4; lastKnownFileType = sourcecode.c.objc; path = MCLogo.m; sourceTree = "<group>"; };
		525125EBED9CD20160B220DD /* MCAboutTableViewCell.m */ = {isa = PBXFileReference; fileEncoding = 4; lastKnownFileType = sourcecode.c.objc; path = MCAboutTableViewCell.m; sourceTree = "<group>"; };
		5251260EB5A60E25570155FF /* MCUserTableViewController.h */ = {isa = PBXFileReference; fileEncoding = 4; lastKnownFileType = sourcecode.c.h; path = MCUserTableViewController.h; sourceTree = "<group>"; };
		5251261C65612C7590CDC591 /* MCCellBadge.m */ = {isa = PBXFileReference; fileEncoding = 4; lastKnownFileType = sourcecode.c.objc; path = MCCellBadge.m; sourceTree = "<group>"; };
		5251269826352F51685CDFBD /* MCSettingsTableViewController.m */ = {isa = PBXFileReference; fileEncoding = 4; lastKnownFileType = sourcecode.c.objc; path = MCSettingsTableViewController.m; sourceTree = "<group>"; };
		5251273ECC3CF99ECB62DC6C /* MCRecommendTableViewController.h */ = {isa = PBXFileReference; fileEncoding = 4; lastKnownFileType = sourcecode.c.h; path = MCRecommendTableViewController.h; sourceTree = "<group>"; };
		52512790776DE7AD7E003DC2 /* MCImageView.h */ = {isa = PBXFileReference; fileEncoding = 4; lastKnownFileType = sourcecode.c.h; path = MCImageView.h; sourceTree = "<group>"; };
		52512861896191983E385C4C /* MCWhiteNavigationController.h */ = {isa = PBXFileReference; fileEncoding = 4; lastKnownFileType = sourcecode.c.h; path = MCWhiteNavigationController.h; sourceTree = "<group>"; };
		525128740F849F82718CD107 /* MCLoginViewController.h */ = {isa = PBXFileReference; fileEncoding = 4; lastKnownFileType = sourcecode.c.h; path = MCLoginViewController.h; sourceTree = "<group>"; };
		5251288D078D5017A43FE817 /* MCViewController.m */ = {isa = PBXFileReference; fileEncoding = 4; lastKnownFileType = sourcecode.c.objc; path = MCViewController.m; sourceTree = "<group>"; };
		525128ADF58CCC8FE8802CD4 /* MCView.m */ = {isa = PBXFileReference; fileEncoding = 4; lastKnownFileType = sourcecode.c.objc; path = MCView.m; sourceTree = "<group>"; };
		525128D73307E7CCB7AD7D19 /* MCCommonTableViewCell.h */ = {isa = PBXFileReference; fileEncoding = 4; lastKnownFileType = sourcecode.c.h; path = MCCommonTableViewCell.h; sourceTree = "<group>"; };
		525129827FA3E6D4464EBDE4 /* MCTableViewController.m */ = {isa = PBXFileReference; fileEncoding = 4; lastKnownFileType = sourcecode.c.objc; path = MCTableViewController.m; sourceTree = "<group>"; };
		525129EAB4484EC582497441 /* MCCellLogo.h */ = {isa = PBXFileReference; fileEncoding = 4; lastKnownFileType = sourcecode.c.h; path = MCCellLogo.h; sourceTree = "<group>"; };
		52512ABA666DEA99DC1FD16E /* MCRegisterViewController.m */ = {isa = PBXFileReference; fileEncoding = 4; lastKnownFileType = sourcecode.c.objc; path = MCRegisterViewController.m; sourceTree = "<group>"; };
		52512BC2F7876BDFF8D62876 /* MCSettingsTableViewController.h */ = {isa = PBXFileReference; fileEncoding = 4; lastKnownFileType = sourcecode.c.h; path = MCSettingsTableViewController.h; sourceTree = "<group>"; };
		52512BD690464301C7D4B352 /* MCAboutTableViewCell.h */ = {isa = PBXFileReference; fileEncoding = 4; lastKnownFileType = sourcecode.c.h; path = MCAboutTableViewCell.h; sourceTree = "<group>"; };
		52512C026C02C6D69D33706D /* MCAvatarTableViewCell.m */ = {isa = PBXFileReference; fileEncoding = 4; lastKnownFileType = sourcecode.c.objc; path = MCAvatarTableViewCell.m; sourceTree = "<group>"; };
		52512C0DA677DB3155DB3E38 /* MCCellLogo.m */ = {isa = PBXFileReference; fileEncoding = 4; lastKnownFileType = sourcecode.c.objc; path = MCCellLogo.m; sourceTree = "<group>"; };
		52512C4701DEE36D17BB8781 /* MCRoundButton.h */ = {isa = PBXFileReference; fileEncoding = 4; lastKnownFileType = sourcecode.c.h; path = MCRoundButton.h; sourceTree = "<group>"; };
		52512CA65456B445D75388C9 /* MCAppearanceDefault.h */ = {isa = PBXFileReference; fileEncoding = 4; lastKnownFileType = sourcecode.c.h; path = MCAppearanceDefault.h; sourceTree = "<group>"; };
		52512D942B26EC409BE80B45 /* MCLabel.m */ = {isa = PBXFileReference; fileEncoding = 4; lastKnownFileType = sourcecode.c.objc; path = MCLabel.m; sourceTree = "<group>"; };
		52512DB864288F3CBAF2E2C0 /* MCAvatarTableViewCell.h */ = {isa = PBXFileReference; fileEncoding = 4; lastKnownFileType = sourcecode.c.h; path = MCAvatarTableViewCell.h; sourceTree = "<group>"; };
		52512DBC89566C6AF45B5E61 /* MCView.h */ = {isa = PBXFileReference; fileEncoding = 4; lastKnownFileType = sourcecode.c.h; path = MCView.h; sourceTree = "<group>"; };
		52512DF2DF6E2EDC993EC1B2 /* MCImageView.m */ = {isa = PBXFileReference; fileEncoding = 4; lastKnownFileType = sourcecode.c.objc; path = MCImageView.m; sourceTree = "<group>"; };
		52512E9352477506FFA71F7E /* MCCellAvatar.m */ = {isa = PBXFileReference; fileEncoding = 4; lastKnownFileType = sourcecode.c.objc; path = MCCellAvatar.m; sourceTree = "<group>"; };
		52512E994A29E46CDE5CC088 /* MCScrollView.h */ = {isa = PBXFileReference; fileEncoding = 4; lastKnownFileType = sourcecode.c.h; path = MCScrollView.h; sourceTree = "<group>"; };
		52512ED8E12F0C531A165519 /* MCTableView.m */ = {isa = PBXFileReference; fileEncoding = 4; lastKnownFileType = sourcecode.c.objc; path = MCTableView.m; sourceTree = "<group>"; };
		52512EF3652144C9B2C9C963 /* MCButton.m */ = {isa = PBXFileReference; fileEncoding = 4; lastKnownFileType = sourcecode.c.objc; path = MCButton.m; sourceTree = "<group>"; };
		52512FAF20591ED4D435FBD5 /* MCLogo.h */ = {isa = PBXFileReference; fileEncoding = 4; lastKnownFileType = sourcecode.c.h; path = MCLogo.h; sourceTree = "<group>"; };
		52512FEE91640196851F24B6 /* MCUserTableViewController.m */ = {isa = PBXFileReference; fileEncoding = 4; lastKnownFileType = sourcecode.c.objc; path = MCUserTableViewController.m; sourceTree = "<group>"; };
		6C39A9B679732B5849E15424 /* Pods-MeishiChina.release.xcconfig */ = {isa = PBXFileReference; includeInIndex = 1; lastKnownFileType = text.xcconfig; name = "Pods-MeishiChina.release.xcconfig"; path = "Pods/Target Support Files/Pods-MeishiChina/Pods-MeishiChina.release.xcconfig"; sourceTree = "<group>"; };
		7484A7DE792BE533F0C2EA1A /* libPods-MeishiChina.a */ = {isa = PBXFileReference; explicitFileType = archive.ar; includeInIndex = 0; path = "libPods-MeishiChina.a"; sourceTree = BUILT_PRODUCTS_DIR; };
		8A1ABCE930706779810A1B25 /* Pods-MeishiChina.debug.xcconfig */ = {isa = PBXFileReference; includeInIndex = 1; lastKnownFileType = text.xcconfig; name = "Pods-MeishiChina.debug.xcconfig"; path = "Pods/Target Support Files/Pods-MeishiChina/Pods-MeishiChina.debug.xcconfig"; sourceTree = "<group>"; };
/* End PBXFileReference section */

/* Begin PBXFrameworksBuildPhase section */
		0F06A7931DCEF65500753B8E /* Frameworks */ = {
			isa = PBXFrameworksBuildPhase;
			buildActionMask = 2147483647;
			files = (
				4AEB73374CDFDF57B30FA7E6 /* libPods-MeishiChina.a in Frameworks */,
			);
			runOnlyForDeploymentPostprocessing = 0;
		};
/* End PBXFrameworksBuildPhase section */

/* Begin PBXGroup section */
		0F06A78D1DCEF65500753B8E = {
			isa = PBXGroup;
			children = (
				0F06A7981DCEF65500753B8E /* MeishiChina */,
				0F06A7991DCEF65500753B8E /* Supporting Files */,
				0F06A7971DCEF65500753B8E /* Products */,
				1EF997F10382B9EC3DDCE58C /* Pods */,
				668289273B6149D000475447 /* Frameworks */,
			);
			sourceTree = "<group>";
		};
		0F06A7971DCEF65500753B8E /* Products */ = {
			isa = PBXGroup;
			children = (
				0F06A7961DCEF65500753B8E /* MeishiChina.app */,
			);
			name = Products;
			sourceTree = "<group>";
		};
		0F06A7981DCEF65500753B8E /* MeishiChina */ = {
			isa = PBXGroup;
			children = (
				0F0D10051DDC50D30009648A /* Services */,
				0F06A7B41DCEF97E00753B8E /* Resources */,
				0F06A7B31DCEF93E00753B8E /* Global */,
				0FCD781C1DCF269200619C09 /* Models */,
				0FCD78211DCF2D2400619C09 /* Controllers */,
				52512A1373DC5259F15B0D97 /* BaseViews */,
				52512B8A9FE23C53A39AF9CC /* BaseControllers */,
			);
			path = MeishiChina;
			sourceTree = "<group>";
		};
		0F06A7991DCEF65500753B8E /* Supporting Files */ = {
			isa = PBXGroup;
			children = (
				0F06A7AA1DCEF65600753B8E /* Info.plist */,
				0F06A79A1DCEF65500753B8E /* main.m */,
			);
			name = "Supporting Files";
			path = MeishiChina;
			sourceTree = "<group>";
		};
		0F06A7B31DCEF93E00753B8E /* Global */ = {
			isa = PBXGroup;
			children = (
				0FCD781B1DCF25AD00619C09 /* AppPrefix.pch */,
				0FCD78181DCF254B00619C09 /* AppConfig.h */,
				0FCD78191DCF254B00619C09 /* AppConfig.m */,
				0F06A79C1DCEF65500753B8E /* AppDelegate.h */,
				0F06A79D1DCEF65500753B8E /* AppDelegate.m */,
			);
			name = Global;
			sourceTree = "<group>";
		};
		0F06A7B41DCEF97E00753B8E /* Resources */ = {
			isa = PBXGroup;
			children = (
				0F9194D01DD1B2A70008A89E /* MCResources.bundle */,
				0FCD78171DCF20A600619C09 /* Localization */,
				0F06A7A51DCEF65600753B8E /* Assets.xcassets */,
				0F06A7A71DCEF65600753B8E /* LaunchScreen.storyboard */,
			);
			name = Resources;
			sourceTree = "<group>";
		};
		0F0D10051DDC50D30009648A /* Services */ = {
			isa = PBXGroup;
			children = (
				52512457C90571801D65687A /* MCNetwork.h */,
				5251217734FABD466F88473A /* MCNetwork.m */,
			);
			name = Services;
			sourceTree = "<group>";
		};
		0FCD78171DCF20A600619C09 /* Localization */ = {
			isa = PBXGroup;
			children = (
			);
			name = Localization;
			sourceTree = "<group>";
		};
		0FCD781C1DCF269200619C09 /* Models */ = {
			isa = PBXGroup;
			children = (
				0FCD781D1DCF26A600619C09 /* Appearance */,
			);
			name = Models;
			sourceTree = "<group>";
		};
		0FCD781D1DCF26A600619C09 /* Appearance */ = {
			isa = PBXGroup;
			children = (
				0FCD781E1DCF26D300619C09 /* MCAppearance.h */,
				0FCD781F1DCF26D300619C09 /* MCAppearance.m */,
				525125B89BFED21E77389D97 /* MCAppearanceDefault.m */,
				52512CA65456B445D75388C9 /* MCAppearanceDefault.h */,
			);
			name = Appearance;
			sourceTree = "<group>";
		};
		0FCD78211DCF2D2400619C09 /* Controllers */ = {
			isa = PBXGroup;
			children = (
				0FCD78241DCF2D7000619C09 /* RootViewController */,
				0FCD78221DCF2D3A00619C09 /* NavigationControllers */,
				0FCD78231DCF2D5D00619C09 /* MainControllers */,
			);
			name = Controllers;
			sourceTree = "<group>";
		};
		0FCD78221DCF2D3A00619C09 /* NavigationControllers */ = {
			isa = PBXGroup;
			children = (
				0FBB105E1DD2C93B002D1854 /* UINavigationController+FDFullscreenPopGesture.h */,
				0FBB105F1DD2C93B002D1854 /* UINavigationController+FDFullscreenPopGesture.m */,
				0F806B7B1DCEFCCD00B9CC7F /* MCFirstNavigationController.h */,
				0F806B7C1DCEFCCD00B9CC7F /* MCFirstNavigationController.m */,
				0FCD78251DCF2DE100619C09 /* MCLastNavigationController.h */,
				0FCD78261DCF2DE100619C09 /* MCLastNavigationController.m */,
			);
			name = NavigationControllers;
			sourceTree = "<group>";
		};
		0FCD78231DCF2D5D00619C09 /* MainControllers */ = {
			isa = PBXGroup;
			children = (
				52512B3FF2DB5B719EACF433 /* Me */,
				52512A572B78800CE47B6C79 /* Recommend */,
			);
			name = MainControllers;
			sourceTree = "<group>";
		};
		0FCD78241DCF2D7000619C09 /* RootViewController */ = {
			isa = PBXGroup;
			children = (
				0F06A7B01DCEF75C00753B8E /* MCMainTabBarController.h */,
				0F06A7B11DCEF75C00753B8E /* MCMainTabBarController.m */,
			);
			name = RootViewController;
			sourceTree = "<group>";
		};
		1EF997F10382B9EC3DDCE58C /* Pods */ = {
			isa = PBXGroup;
			children = (
				8A1ABCE930706779810A1B25 /* Pods-MeishiChina.debug.xcconfig */,
				6C39A9B679732B5849E15424 /* Pods-MeishiChina.release.xcconfig */,
			);
			name = Pods;
			sourceTree = "<group>";
		};
		5251285FEBA7DDCBEE726F98 /* Cells */ = {
			isa = PBXGroup;
			children = (
				52512DB864288F3CBAF2E2C0 /* MCAvatarTableViewCell.h */,
				52512C026C02C6D69D33706D /* MCAvatarTableViewCell.m */,
				525128D73307E7CCB7AD7D19 /* MCCommonTableViewCell.h */,
				52512262B3FEB532A345D845 /* MCCommonTableViewCell.m */,
				52512BD690464301C7D4B352 /* MCAboutTableViewCell.h */,
				525125EBED9CD20160B220DD /* MCAboutTableViewCell.m */,
				52512E12A3D4EC695EDAF1D5 /* CellComponents */,
			);
			name = Cells;
			sourceTree = "<group>";
		};
		52512A1373DC5259F15B0D97 /* BaseViews */ = {
			isa = PBXGroup;
			children = (
				525123B5301164D872848A5E /* MCTableViewCell.h */,
				52512325FE3C450B892CCD8E /* MCTableViewCell.m */,
				52512790776DE7AD7E003DC2 /* MCImageView.h */,
				52512DF2DF6E2EDC993EC1B2 /* MCImageView.m */,
				52512214BA22AF2CB14E8D62 /* MCLabel.h */,
				52512D942B26EC409BE80B45 /* MCLabel.m */,
				525124C82DF2A4F1BEEDB0B0 /* MCTableView.h */,
				52512ED8E12F0C531A165519 /* MCTableView.m */,
				0FCA433E1DDB57F000F338B7 /* MCTableViewPlain.xib */,
				0F6E61871DDB5DA20046AB95 /* MCTableViewGrouped.xib */,
				52512DBC89566C6AF45B5E61 /* MCView.h */,
				525128ADF58CCC8FE8802CD4 /* MCView.m */,
				525124919A6F2A4746DF7E32 /* MCTextField.h */,
				5251243EF5548606F26B5670 /* MCTextField.m */,
				52512E994A29E46CDE5CC088 /* MCScrollView.h */,
				525125E579228A1FC36DD25C /* MCScrollView.m */,
				5251225FC084006E47357377 /* MCButton.h */,
				52512EF3652144C9B2C9C963 /* MCButton.m */,
				0F0D10021DDC46E50009648A /* MCBarButtonItem.h */,
				0F0D10031DDC46E50009648A /* MCBarButtonItem.m */,
			);
			name = BaseViews;
			sourceTree = "<group>";
		};
		52512A572B78800CE47B6C79 /* Recommend */ = {
			isa = PBXGroup;
			children = (
				5251273ECC3CF99ECB62DC6C /* MCRecommendTableViewController.h */,
				525120F500E4B5B9122DC775 /* MCRecommendTableViewController.m */,
			);
			name = Recommend;
			sourceTree = "<group>";
		};
		52512B3FF2DB5B719EACF433 /* Me */ = {
			isa = PBXGroup;
			children = (
				5251285FEBA7DDCBEE726F98 /* Cells */,
				52512BC2F7876BDFF8D62876 /* MCSettingsTableViewController.h */,
				5251269826352F51685CDFBD /* MCSettingsTableViewController.m */,
				5251260EB5A60E25570155FF /* MCUserTableViewController.h */,
				52512FEE91640196851F24B6 /* MCUserTableViewController.m */,
				525128740F849F82718CD107 /* MCLoginViewController.h */,
				52512553889C433070BF2AE1 /* MCLoginViewController.m */,
				5251258B1886CDA96CC5D123 /* MCRegisterViewController.h */,
				52512ABA666DEA99DC1FD16E /* MCRegisterViewController.m */,
				52512CA5313ECD324E490C26 /* Components */,
			);
			name = Me;
			sourceTree = "<group>";
		};
		52512B8A9FE23C53A39AF9CC /* BaseControllers */ = {
			isa = PBXGroup;
			children = (
				52512364F70FE69C9DABEA29 /* MCTableViewController.h */,
				525129827FA3E6D4464EBDE4 /* MCTableViewController.m */,
				52512435D6618949AB207526 /* MCNavigationController.h */,
				525124562224BF8EE95B53FE /* MCNavigationController.m */,
				5251248C5201C2B83031B787 /* MCViewController.h */,
				5251288D078D5017A43FE817 /* MCViewController.m */,
				52512861896191983E385C4C /* MCWhiteNavigationController.h */,
				525120D61C14458290A07472 /* MCWhiteNavigationController.m */,
			);
			name = BaseControllers;
			sourceTree = "<group>";
		};
		52512CA5313ECD324E490C26 /* Components */ = {
			isa = PBXGroup;
			children = (
				52512FAF20591ED4D435FBD5 /* MCLogo.h */,
				525125E9BD96428C2176B888 /* MCLogo.m */,
				5251228BAEF122EEFB61CABA /* MCTextFieldView.h */,
				525121D259F7C7ECCA007D88 /* MCTextFieldView.m */,
				52512C4701DEE36D17BB8781 /* MCRoundButton.h */,
				52512271EB802E92F53BEBAD /* MCRoundButton.m */,
			);
			name = Components;
			sourceTree = "<group>";
		};
		52512E12A3D4EC695EDAF1D5 /* CellComponents */ = {
			isa = PBXGroup;
			children = (
				52512528DA6FE0F5BA1F59AB /* MCCellAvatar.h */,
				52512E9352477506FFA71F7E /* MCCellAvatar.m */,
				52512570331CBFC82604BD56 /* MCCellBadge.h */,
				5251261C65612C7590CDC591 /* MCCellBadge.m */,
				525129EAB4484EC582497441 /* MCCellLogo.h */,
				52512C0DA677DB3155DB3E38 /* MCCellLogo.m */,
			);
			name = CellComponents;
			sourceTree = "<group>";
		};
		668289273B6149D000475447 /* Frameworks */ = {
			isa = PBXGroup;
			children = (
				7484A7DE792BE533F0C2EA1A /* libPods-MeishiChina.a */,
			);
			name = Frameworks;
			sourceTree = "<group>";
		};
/* End PBXGroup section */

/* Begin PBXNativeTarget section */
		0F06A7951DCEF65500753B8E /* MeishiChina */ = {
			isa = PBXNativeTarget;
			buildConfigurationList = 0F06A7AD1DCEF65600753B8E /* Build configuration list for PBXNativeTarget "MeishiChina" */;
			buildPhases = (
				275E10530CFE47664C59DFD2 /* [CP] Check Pods Manifest.lock */,
				0F06A7921DCEF65500753B8E /* Sources */,
				0F06A7931DCEF65500753B8E /* Frameworks */,
				0F06A7941DCEF65500753B8E /* Resources */,
				A0B143265D34815264FC63AC /* [CP] Embed Pods Frameworks */,
				078C35C18A9985705AAF7443 /* [CP] Copy Pods Resources */,
			);
			buildRules = (
			);
			dependencies = (
			);
			name = MeishiChina;
			productName = MeishiChina;
			productReference = 0F06A7961DCEF65500753B8E /* MeishiChina.app */;
			productType = "com.apple.product-type.application";
		};
/* End PBXNativeTarget section */

/* Begin PBXProject section */
		0F06A78E1DCEF65500753B8E /* Project object */ = {
			isa = PBXProject;
			attributes = {
				LastUpgradeCheck = 0810;
				ORGANIZATIONNAME = Zheng;
				TargetAttributes = {
					0F06A7951DCEF65500753B8E = {
						CreatedOnToolsVersion = 8.1;
						DevelopmentTeam = GXZ23M5TP2;
						ProvisioningStyle = Automatic;
					};
				};
			};
			buildConfigurationList = 0F06A7911DCEF65500753B8E /* Build configuration list for PBXProject "MeishiChina" */;
			compatibilityVersion = "Xcode 3.2";
			developmentRegion = English;
			hasScannedForEncodings = 0;
			knownRegions = (
				en,
				Base,
			);
			mainGroup = 0F06A78D1DCEF65500753B8E;
			productRefGroup = 0F06A7971DCEF65500753B8E /* Products */;
			projectDirPath = "";
			projectRoot = "";
			targets = (
				0F06A7951DCEF65500753B8E /* MeishiChina */,
			);
		};
/* End PBXProject section */

/* Begin PBXResourcesBuildPhase section */
		0F06A7941DCEF65500753B8E /* Resources */ = {
			isa = PBXResourcesBuildPhase;
			buildActionMask = 2147483647;
			files = (
				0F6E61881DDB5DA20046AB95 /* MCTableViewGrouped.xib in Resources */,
				0F06A7A91DCEF65600753B8E /* LaunchScreen.storyboard in Resources */,
				0F06A7A61DCEF65600753B8E /* Assets.xcassets in Resources */,
				0F9194D11DD1B2A70008A89E /* MCResources.bundle in Resources */,
				0FCA433F1DDB57F000F338B7 /* MCTableViewPlain.xib in Resources */,
			);
			runOnlyForDeploymentPostprocessing = 0;
		};
/* End PBXResourcesBuildPhase section */

/* Begin PBXShellScriptBuildPhase section */
		078C35C18A9985705AAF7443 /* [CP] Copy Pods Resources */ = {
			isa = PBXShellScriptBuildPhase;
			buildActionMask = 2147483647;
			files = (
			);
			inputPaths = (
			);
			name = "[CP] Copy Pods Resources";
			outputPaths = (
			);
			runOnlyForDeploymentPostprocessing = 0;
			shellPath = /bin/sh;
			shellScript = "\"${SRCROOT}/Pods/Target Support Files/Pods-MeishiChina/Pods-MeishiChina-resources.sh\"\n";
			showEnvVarsInLog = 0;
		};
		275E10530CFE47664C59DFD2 /* [CP] Check Pods Manifest.lock */ = {
			isa = PBXShellScriptBuildPhase;
			buildActionMask = 2147483647;
			files = (
			);
			inputPaths = (
			);
			name = "[CP] Check Pods Manifest.lock";
			outputPaths = (
			);
			runOnlyForDeploymentPostprocessing = 0;
			shellPath = /bin/sh;
			shellScript = "diff \"${PODS_ROOT}/../Podfile.lock\" \"${PODS_ROOT}/Manifest.lock\" > /dev/null\nif [ $? != 0 ] ; then\n    # print error to STDERR\n    echo \"error: The sandbox is not in sync with the Podfile.lock. Run 'pod install' or update your CocoaPods installation.\" >&2\n    exit 1\nfi\n";
			showEnvVarsInLog = 0;
		};
		A0B143265D34815264FC63AC /* [CP] Embed Pods Frameworks */ = {
			isa = PBXShellScriptBuildPhase;
			buildActionMask = 2147483647;
			files = (
			);
			inputPaths = (
			);
			name = "[CP] Embed Pods Frameworks";
			outputPaths = (
			);
			runOnlyForDeploymentPostprocessing = 0;
			shellPath = /bin/sh;
			shellScript = "\"${SRCROOT}/Pods/Target Support Files/Pods-MeishiChina/Pods-MeishiChina-frameworks.sh\"\n";
			showEnvVarsInLog = 0;
		};
/* End PBXShellScriptBuildPhase section */

/* Begin PBXSourcesBuildPhase section */
		0F06A7921DCEF65500753B8E /* Sources */ = {
			isa = PBXSourcesBuildPhase;
			buildActionMask = 2147483647;
			files = (
				0FBB10601DD2C93B002D1854 /* UINavigationController+FDFullscreenPopGesture.m in Sources */,
				0F806B7D1DCEFCCD00B9CC7F /* MCFirstNavigationController.m in Sources */,
				0FCD78201DCF26D300619C09 /* MCAppearance.m in Sources */,
				0F06A7B21DCEF75C00753B8E /* MCMainTabBarController.m in Sources */,
				0F06A79E1DCEF65500753B8E /* AppDelegate.m in Sources */,
				0F06A79B1DCEF65500753B8E /* main.m in Sources */,
				0FCD781A1DCF254B00619C09 /* AppConfig.m in Sources */,
				0FCD78271DCF2DE100619C09 /* MCLastNavigationController.m in Sources */,
				52512CD488E18C51FBA7AA44 /* MCAvatarTableViewCell.m in Sources */,
				5251254D80850E42C50F8B2D /* MCCommonTableViewCell.m in Sources */,
				52512CB99682054A58C7C4C8 /* MCAboutTableViewCell.m in Sources */,
				52512227D90527E7FAFEF6F6 /* MCCellAvatar.m in Sources */,
				52512FAFDA13D9B290FB0927 /* MCCellBadge.m in Sources */,
				5251254B714EBCBC1349A2B5 /* MCSettingsTableViewController.m in Sources */,
				525129EEEE100413FF647DD9 /* MCUserTableViewController.m in Sources */,
				525128F99734D67C4BF7B7B8 /* MCRecommendTableViewController.m in Sources */,
				525124656E37903FB3A0C77F /* MCCellLogo.m in Sources */,
				5251209A1E4F4B1F913FD708 /* MCTableViewCell.m in Sources */,
				5251241200A52EEA6B7A98CA /* MCImageView.m in Sources */,
				52512461B9705107110127EA /* MCLabel.m in Sources */,
				52512BA3790FE5D125198D39 /* MCTableViewController.m in Sources */,
				52512D6B7C4116EC054A50FB /* MCNavigationController.m in Sources */,
				525124C47D6CC1014B10630D /* MCAppearanceDefault.m in Sources */,
				5251288BE69E2EB43A7C996C /* MCViewController.m in Sources */,
				0F0D10041DDC46E50009648A /* MCBarButtonItem.m in Sources */,
				52512F6F6DC89DF96673A17B /* MCLoginViewController.m in Sources */,
				52512BCD2861EAA7DF3F8970 /* MCWhiteNavigationController.m in Sources */,
				52512A7C0CFFD9E6F704B9C4 /* MCTableView.m in Sources */,
				52512EAA56A4473DDE4A8A6E /* MCLogo.m in Sources */,
				525124058B15945CBFFEDCA8 /* MCTextFieldView.m in Sources */,
				52512696C8DB5264BFF283D6 /* MCView.m in Sources */,
				525122BB8AE24C53DF8F6BE4 /* MCTextField.m in Sources */,
				5251233F4AA9D12B204A515A /* MCScrollView.m in Sources */,
				525125C73D9FBA53DC0FDD2F /* MCButton.m in Sources */,
				5251255F64DDFC4D46C6F110 /* MCRoundButton.m in Sources */,
				5251228CF616769E5197C253 /* MCNetwork.m in Sources */,
				52512F2BC66DF18BF9F9FF34 /* MCRegisterViewController.m in Sources */,
			);
			runOnlyForDeploymentPostprocessing = 0;
		};
/* End PBXSourcesBuildPhase section */

/* Begin PBXVariantGroup section */
		0F06A7A71DCEF65600753B8E /* LaunchScreen.storyboard */ = {
			isa = PBXVariantGroup;
			children = (
				0F06A7A81DCEF65600753B8E /* Base */,
			);
			name = LaunchScreen.storyboard;
			sourceTree = "<group>";
		};
/* End PBXVariantGroup section */

/* Begin XCBuildConfiguration section */
		0F06A7AB1DCEF65600753B8E /* Debug */ = {
			isa = XCBuildConfiguration;
			buildSettings = {
				ALWAYS_SEARCH_USER_PATHS = NO;
				CLANG_ANALYZER_NONNULL = YES;
				CLANG_CXX_LANGUAGE_STANDARD = "gnu++0x";
				CLANG_CXX_LIBRARY = "libc++";
				CLANG_ENABLE_MODULES = YES;
				CLANG_ENABLE_OBJC_ARC = YES;
				CLANG_WARN_BOOL_CONVERSION = YES;
				CLANG_WARN_CONSTANT_CONVERSION = YES;
				CLANG_WARN_DIRECT_OBJC_ISA_USAGE = YES_ERROR;
				CLANG_WARN_DOCUMENTATION_COMMENTS = YES;
				CLANG_WARN_EMPTY_BODY = YES;
				CLANG_WARN_ENUM_CONVERSION = YES;
				CLANG_WARN_INFINITE_RECURSION = YES;
				CLANG_WARN_INT_CONVERSION = YES;
				CLANG_WARN_OBJC_ROOT_CLASS = YES_ERROR;
				CLANG_WARN_SUSPICIOUS_MOVE = YES;
				CLANG_WARN_SUSPICIOUS_MOVES = YES;
				CLANG_WARN_UNREACHABLE_CODE = YES;
				CLANG_WARN__DUPLICATE_METHOD_MATCH = YES;
				"CODE_SIGN_IDENTITY[sdk=iphoneos*]" = "iPhone Developer";
				COPY_PHASE_STRIP = NO;
				DEBUG_INFORMATION_FORMAT = dwarf;
				ENABLE_STRICT_OBJC_MSGSEND = YES;
				ENABLE_TESTABILITY = YES;
				GCC_C_LANGUAGE_STANDARD = gnu99;
				GCC_DYNAMIC_NO_PIC = NO;
				GCC_NO_COMMON_BLOCKS = YES;
				GCC_OPTIMIZATION_LEVEL = 0;
				GCC_PREPROCESSOR_DEFINITIONS = (
					"DEBUG=1",
					"$(inherited)",
				);
				GCC_WARN_64_TO_32_BIT_CONVERSION = YES;
				GCC_WARN_ABOUT_RETURN_TYPE = YES_ERROR;
				GCC_WARN_UNDECLARED_SELECTOR = YES;
				GCC_WARN_UNINITIALIZED_AUTOS = YES_AGGRESSIVE;
				GCC_WARN_UNUSED_FUNCTION = YES;
				GCC_WARN_UNUSED_VARIABLE = YES;
				IPHONEOS_DEPLOYMENT_TARGET = 9.0;
				MTL_ENABLE_DEBUG_INFO = YES;
				ONLY_ACTIVE_ARCH = YES;
				SDKROOT = iphoneos;
				TARGETED_DEVICE_FAMILY = "1,2";
			};
			name = Debug;
		};
		0F06A7AC1DCEF65600753B8E /* Release */ = {
			isa = XCBuildConfiguration;
			buildSettings = {
				ALWAYS_SEARCH_USER_PATHS = NO;
				CLANG_ANALYZER_NONNULL = YES;
				CLANG_CXX_LANGUAGE_STANDARD = "gnu++0x";
				CLANG_CXX_LIBRARY = "libc++";
				CLANG_ENABLE_MODULES = YES;
				CLANG_ENABLE_OBJC_ARC = YES;
				CLANG_WARN_BOOL_CONVERSION = YES;
				CLANG_WARN_CONSTANT_CONVERSION = YES;
				CLANG_WARN_DIRECT_OBJC_ISA_USAGE = YES_ERROR;
				CLANG_WARN_DOCUMENTATION_COMMENTS = YES;
				CLANG_WARN_EMPTY_BODY = YES;
				CLANG_WARN_ENUM_CONVERSION = YES;
				CLANG_WARN_INFINITE_RECURSION = YES;
				CLANG_WARN_INT_CONVERSION = YES;
				CLANG_WARN_OBJC_ROOT_CLASS = YES_ERROR;
				CLANG_WARN_SUSPICIOUS_MOVE = YES;
				CLANG_WARN_SUSPICIOUS_MOVES = YES;
				CLANG_WARN_UNREACHABLE_CODE = YES;
				CLANG_WARN__DUPLICATE_METHOD_MATCH = YES;
				"CODE_SIGN_IDENTITY[sdk=iphoneos*]" = "iPhone Developer";
				COPY_PHASE_STRIP = NO;
				DEBUG_INFORMATION_FORMAT = "dwarf-with-dsym";
				ENABLE_NS_ASSERTIONS = NO;
				ENABLE_STRICT_OBJC_MSGSEND = YES;
				GCC_C_LANGUAGE_STANDARD = gnu99;
				GCC_NO_COMMON_BLOCKS = YES;
				GCC_WARN_64_TO_32_BIT_CONVERSION = YES;
				GCC_WARN_ABOUT_RETURN_TYPE = YES_ERROR;
				GCC_WARN_UNDECLARED_SELECTOR = YES;
				GCC_WARN_UNINITIALIZED_AUTOS = YES_AGGRESSIVE;
				GCC_WARN_UNUSED_FUNCTION = YES;
				GCC_WARN_UNUSED_VARIABLE = YES;
				IPHONEOS_DEPLOYMENT_TARGET = 9.0;
				MTL_ENABLE_DEBUG_INFO = NO;
				SDKROOT = iphoneos;
				TARGETED_DEVICE_FAMILY = "1,2";
				VALIDATE_PRODUCT = YES;
			};
			name = Release;
		};
		0F06A7AE1DCEF65600753B8E /* Debug */ = {
			isa = XCBuildConfiguration;
			baseConfigurationReference = 8A1ABCE930706779810A1B25 /* Pods-MeishiChina.debug.xcconfig */;
			buildSettings = {
				ASSETCATALOG_COMPILER_APPICON_NAME = AppIcon;
				DEVELOPMENT_TEAM = GXZ23M5TP2;
				GCC_PREFIX_HEADER = MeishiChina/AppPrefix.pch;
				INFOPLIST_FILE = MeishiChina/Info.plist;
				IPHONEOS_DEPLOYMENT_TARGET = 9.0;
				LD_RUNPATH_SEARCH_PATHS = "$(inherited) @executable_path/Frameworks";
				PRODUCT_BUNDLE_IDENTIFIER = com.darwindev.MeishiChina;
				PRODUCT_NAME = "$(TARGET_NAME)";
				TARGETED_DEVICE_FAMILY = 1;
			};
			name = Debug;
		};
		0F06A7AF1DCEF65600753B8E /* Release */ = {
			isa = XCBuildConfiguration;
			baseConfigurationReference = 6C39A9B679732B5849E15424 /* Pods-MeishiChina.release.xcconfig */;
			buildSettings = {
				ASSETCATALOG_COMPILER_APPICON_NAME = AppIcon;
				DEVELOPMENT_TEAM = GXZ23M5TP2;
				GCC_PREFIX_HEADER = MeishiChina/AppPrefix.pch;
				INFOPLIST_FILE = MeishiChina/Info.plist;
				IPHONEOS_DEPLOYMENT_TARGET = 9.0;
				LD_RUNPATH_SEARCH_PATHS = "$(inherited) @executable_path/Frameworks";
				PRODUCT_BUNDLE_IDENTIFIER = com.darwindev.MeishiChina;
				PRODUCT_NAME = "$(TARGET_NAME)";
				TARGETED_DEVICE_FAMILY = 1;
			};
			name = Release;
		};
/* End XCBuildConfiguration section */

/* Begin XCConfigurationList section */
		0F06A7911DCEF65500753B8E /* Build configuration list for PBXProject "MeishiChina" */ = {
			isa = XCConfigurationList;
			buildConfigurations = (
				0F06A7AB1DCEF65600753B8E /* Debug */,
				0F06A7AC1DCEF65600753B8E /* Release */,
			);
			defaultConfigurationIsVisible = 0;
			defaultConfigurationName = Release;
		};
		0F06A7AD1DCEF65600753B8E /* Build configuration list for PBXNativeTarget "MeishiChina" */ = {
			isa = XCConfigurationList;
			buildConfigurations = (
				0F06A7AE1DCEF65600753B8E /* Debug */,
				0F06A7AF1DCEF65600753B8E /* Release */,
			);
			defaultConfigurationIsVisible = 0;
			defaultConfigurationName = Release;
		};
/* End XCConfigurationList section */
	};
	rootObject = 0F06A78E1DCEF65500753B8E /* Project object */;
}
